
Microsoft Visual Studio Solution File, Format Version 12.00
# Visual Studio Version 17
VisualStudioVersion = 17.14.36518.9 d17.14
MinimumVisualStudioVersion = 10.0.40219.1
Project("{FAE04EC0-301F-11D3-BF4B-00C04F79EFBC}") = "MiniMag", "MiniMag\MiniMag.csproj", "{4367EFE7-6C06-4D51-8260-2CF87F129F4F}"
EndProject
Global
	GlobalSection(SolutionConfigurationPlatforms) = preSolution
		Debug|Any CPU = Debug|Any CPU
		Release|Any CPU = Release|Any CPU
	EndGlobalSection
	GlobalSection(ProjectConfigurationPlatforms) = postSolution
		{4367EFE7-6C06-4D51-8260-2CF87F129F4F}.Debug|Any CPU.ActiveCfg = Debug|Any CPU
		{4367EFE7-6C06-4D51-8260-2CF87F129F4F}.Debug|Any CPU.Build.0 = Debug|Any CPU
		{4367EFE7-6C06-4D51-8260-2CF87F129F4F}.Release|Any CPU.ActiveCfg = Release|Any CPU
		{4367EFE7-6C06-4D51-8260-2CF87F129F4F}.Release|Any CPU.Build.0 = Release|Any CPU
	EndGlobalSection
	GlobalSection(SolutionProperties) = preSolution
		HideSolutionNode = FALSE
	EndGlobalSection
	GlobalSection(ExtensibilityGlobals) = postSolution
		SolutionGuid = {29C8BB5E-FF2B-438E-B2A3-EBA50E7F3EE6}
	EndGlobalSection
EndGlobal
